hash: 779b82d945462f365111c2afa862aa16f84bd722f4e65ccead6f2d993211dd75
updated: 2016-12-14T16:06:47.286841251-08:00
imports:
- name: github.com/aporeto-inc/trireme
  version: 135bc15b3bf0bdea7bed377feb23333d2ef93ac7
  subpackages:
  - cache
  - collector
  - configurator
  - crypto
  - enforcer
  - enforcer/lookup
  - enforcer/netfilter
  - enforcer/remote/enforcerLauncher
  - enforcer/utils/packet
  - enforcer/utils/rpc_payloads
  - enforcer/utils/tokens
  - monitor
  - monitor/extractor
  - policy
  - remote/launch
  - supervisor
  - supervisor/iptablesutils
  - supervisor/provider
  - supervisor/remote/supervisorLauncher
- name: github.com/bvandewalle/go-ipset
  version: 0ee897a6d8bc6095299e9c03293ece091ef871de
  subpackages:
  - ipset
- name: github.com/coreos/go-iptables
  version: 5463fbac3bcc6b990663941c2e12660d19f6b36d
  subpackages:
  - iptables
- name: github.com/coreos/go-semver
  version: 8ab6407b697782a06568d4b7f1db25550ec2e4c6
  subpackages:
  - semver
- name: github.com/dgrijalva/jwt-go
  version: d2709f9f1f31ebcda9651b03077758c1f3a0018c
- name: github.com/docker/distribution
  version: 8234784a1a66bfee4a6d72d0a3cbd453b7f903d7
  subpackages:
  - digest
  - reference
- name: github.com/docker/docker
  version: 4d92237de1b34c8bf99e549db27b83fd087cd765
  subpackages:
  - api/types
  - api/types/blkiodev
  - api/types/container
  - api/types/events
  - api/types/filters
  - api/types/mount
  - api/types/network
  - api/types/reference
  - api/types/registry
  - api/types/strslice
  - api/types/swarm
  - api/types/time
  - api/types/versions
  - api/types/volume
  - client
  - pkg/tlsconfig
- name: github.com/docker/go-connections
  version: 988efe982fdecb46f01d53465878ff1f2ff411ce
  subpackages:
  - nat
  - sockets
  - tlsconfig
- name: github.com/docker/go-units
  version: 8a7beacffa3009a9ac66bad506b18ffdd110cf97
- name: github.com/golang/glog
  version: 23def4e6c14b4da8ac2ed8007337bc5eb5007998
- name: github.com/Microsoft/go-winio
  version: ce2922f643c8fd76b46cadc7f404a06282678b34
- name: github.com/opencontainers/runc
  version: c7ed2244f4c1a92ce73c401fcbd8ac6618a3ac53
  subpackages:
  - libcontainer/user
- name: github.com/pkg/errors
  version: 839d9e913e063e28dfd0e6c7b7512793e0a48be9
- name: github.com/Sirupsen/logrus
  version: d26492970760ca5d33129d2d799e34be5c4782eb
- name: golang.org/x/net
  version: 4876518f9e71663000c348837735820161a42df7
  subpackages:
  - context
  - context/ctxhttp
  - internal/iana
  - ipv4
  - proxy
- name: golang.org/x/sys
  version: c200b10b5d5e122be351b67af224adc6128af5bf
  subpackages:
  - unix
  - windows
testImports: []
