hash: b14a9c3035e7c493aceec0af0d85d8d670728e51ef7fb1e28bf3b83d31b05f49
updated: 2017-01-31T16:59:23.747704022-08:00
imports:
- name: github.com/aporeto-inc/trireme
  version: 89cc3049c32b6def2e356dd57e8596dcc6a5d10d
  subpackages:
  - cache
  - cmd/remoteenforcer
  - cmd/systemdutil
  - collector
  - configurator
  - constants
  - crypto
  - enforcer
  - enforcer/lookup
  - enforcer/netfilter
  - enforcer/proxy
  - enforcer/utils/nsenter
  - enforcer/utils/packet
  - enforcer/utils/rpcwrapper
  - enforcer/utils/tokens
  - example/common
  - monitor
  - monitor/cliextractor
  - monitor/contextstore
  - monitor/dockermonitor
  - monitor/linuxmonitor
  - monitor/linuxmonitor/cgnetcls
  - monitor/rpcmonitor
  - policy
  - processmon
  - supervisor
  - supervisor/ipsetctrl
  - supervisor/iptablesctrl
  - supervisor/provider
  - supervisor/proxy
- name: github.com/bvandewalle/go-ipset
  version: 0ee897a6d8bc6095299e9c03293ece091ef871de
  subpackages:
  - ipset
- name: github.com/coreos/go-iptables
  version: 5463fbac3bcc6b990663941c2e12660d19f6b36d
  subpackages:
  - iptables
- name: github.com/coreos/go-semver
  version: 9474efc580562cce8f761659fbce31b6feb8ce88
  subpackages:
  - semver
- name: github.com/dgrijalva/jwt-go
  version: a601269ab70c205d26370c16f7c81e9017c14e04
- name: github.com/docker/distribution
  version: cd27f179f2c10c5d300e6d09025b538c475b0d51
  subpackages:
  - digest
  - reference
- name: github.com/docker/docker
  version: 2b412120b61120f631d67aac5f397629ec813d7f
  subpackages:
  - api/types
  - api/types/blkiodev
  - api/types/container
  - api/types/events
  - api/types/filters
  - api/types/image
  - api/types/mount
  - api/types/network
  - api/types/reference
  - api/types/registry
  - api/types/strslice
  - api/types/swarm
  - api/types/time
  - api/types/versions
  - api/types/volume
  - client
  - pkg/tlsconfig
- name: github.com/docker/go-connections
  version: 9670439d95da2651d9dfc7acc5d2ed92d3f25ee6
  subpackages:
  - nat
  - sockets
  - tlsconfig
- name: github.com/docker/go-units
  version: 0dadbb0345b35ec7ef35e228dabb8de89a65bf52
- name: github.com/docopt/docopt-go
  version: 784ddc588536785e7299f7272f39101f7faccc3f
- name: github.com/go-ole/go-ole
  version: 5e9c030faf78847db7aa77e3661b9cc449de29b7
  subpackages:
  - oleutil
- name: github.com/kardianos/osext
  version: c2c54e542fb797ad986b31721e1baedf214ca413
- name: github.com/Microsoft/go-winio
  version: fff283ad5116362ca252298cfc9b95828956d85d
- name: github.com/pkg/errors
  version: 248dadf4e9068a0b3e79f02ed0a610d935de5302
- name: github.com/shirou/gopsutil
  version: 70a1b78fe69202d93d6718fc9e3a4d6f81edfd58
  subpackages:
  - cpu
  - host
  - internal/common
  - mem
  - net
  - process
- name: github.com/shirou/w32
  version: bb4de0191aa41b5507caa14b0650cdbddcd9280b
- name: github.com/Sirupsen/logrus
  version: 61e43dc76f7ee59a82bdf3d71033dc12bea4c77d
- name: github.com/StackExchange/wmi
  version: e54cbda6595d7293a7a468ccf9525f6bc8887f99
- name: golang.org/x/net
  version: 4876518f9e71663000c348837735820161a42df7
  subpackages:
  - context
  - context/ctxhttp
  - internal/iana
  - ipv4
  - proxy
- name: golang.org/x/sys
  version: 8f0908ab3b2457e2e15403d3697c9ef5cb4b57a9
  subpackages:
  - unix
  - windows
testImports: []
